
Microsoft Visual Studio Solution File, Format Version 12.00
# Visual Studio Version 16
VisualStudioVersion = 16.0.29025.244
MinimumVisualStudioVersion = 10.0.40219.1
Project("{FAE04EC0-301F-11D3-BF4B-00C04F79EFBC}") = "WpfApp1", "WpfApp1\WpfApp1.csproj", "{14D56F51-0328-47C4-8A5B-1E4B9F420FEB}"
EndProject
Global
	GlobalSection(SolutionConfigurationPlatforms) = preSolution
		Debug|Any CPU = Debug|Any CPU
		Release|Any CPU = Release|Any CPU
	EndGlobalSection
	GlobalSection(ProjectConfigurationPlatforms) = postSolution
		{14D56F51-0328-47C4-8A5B-1E4B9F420FEB}.Debug|Any CPU.ActiveCfg = Debug|Any CPU
		{14D56F51-0328-47C4-8A5B-1E4B9F420FEB}.Debug|Any CPU.Build.0 = Debug|Any CPU
		{14D56F51-0328-47C4-8A5B-1E4B9F420FEB}.Release|Any CPU.ActiveCfg = Release|Any CPU
		{14D56F51-0328-47C4-8A5B-1E4B9F420FEB}.Release|Any CPU.Build.0 = Release|Any CPU
	EndGlobalSection
	GlobalSection(SolutionProperties) = preSolution
		HideSolutionNode = FALSE
	EndGlobalSection
	GlobalSection(ExtensibilityGlobals) = postSolution
		SolutionGuid = {14F42177-3DF8-46A8-BAAC-A1C74A2C3FA7}
	EndGlobalSection
EndGlobal
